
Microsoft Visual Studio Solution File, Format Version 12.00
# Visual Studio Version 16
VisualStudioVersion = 16.0.29806.167
MinimumVisualStudioVersion = 10.0.40219.1
Project("{9A19103F-16F7-4668-BE54-9A1E7A4F7556}") = "Birthday", "Birthday\Birthday.csproj", "{D0EF3C7E-E935-4C10-BC13-1D83B5AB58BF}"
EndProject
Project("{FAE04EC0-301F-11D3-BF4B-00C04F79EFBC}") = "BirthdayTests", "BirthdayTests\BirthdayTests.csproj", "{8EFBD3DC-3CAF-4CC3-903E-DC2C1C579BA8}"
EndProject
Global
	GlobalSection(SolutionConfigurationPlatforms) = preSolution
		Debug|Any CPU = Debug|Any CPU
		Release|Any CPU = Release|Any CPU
	EndGlobalSection
	GlobalSection(ProjectConfigurationPlatforms) = postSolution
		{D0EF3C7E-E935-4C10-BC13-1D83B5AB58BF}.Debug|Any CPU.ActiveCfg = Debug|Any CPU
		{D0EF3C7E-E935-4C10-BC13-1D83B5AB58BF}.Debug|Any CPU.Build.0 = Debug|Any CPU
		{D0EF3C7E-E935-4C10-BC13-1D83B5AB58BF}.Release|Any CPU.ActiveCfg = Release|Any CPU
		{D0EF3C7E-E935-4C10-BC13-1D83B5AB58BF}.Release|Any CPU.Build.0 = Release|Any CPU
		{8EFBD3DC-3CAF-4CC3-903E-DC2C1C579BA8}.Debug|Any CPU.ActiveCfg = Debug|Any CPU
		{8EFBD3DC-3CAF-4CC3-903E-DC2C1C579BA8}.Debug|Any CPU.Build.0 = Debug|Any CPU
		{8EFBD3DC-3CAF-4CC3-903E-DC2C1C579BA8}.Release|Any CPU.ActiveCfg = Release|Any CPU
		{8EFBD3DC-3CAF-4CC3-903E-DC2C1C579BA8}.Release|Any CPU.Build.0 = Release|Any CPU
	EndGlobalSection
	GlobalSection(SolutionProperties) = preSolution
		HideSolutionNode = FALSE
	EndGlobalSection
	GlobalSection(ExtensibilityGlobals) = postSolution
		SolutionGuid = {CCFDFDD8-B960-4196-B65E-4F68D40BDB8B}
	EndGlobalSection
EndGlobal
